// !$*UTF8*$!
{
	archiveVersion = 1;
	classes = {
	};
	objectVersion = 50;
	objects = {

/* Begin PBXBuildFile section */
		F4AE871126879849008B0CDE /* databaseTableViewController.swift in Sources */ = {isa = PBXBuildFile; fileRef = F4AE871026879849008B0CDE /* databaseTableViewController.swift */; };
		F4D499B026838B4B003155EF /* AppDelegate.swift in Sources */ = {isa = PBXBuildFile; fileRef = F4D499AF26838B4B003155EF /* AppDelegate.swift */; };
		F4D499B226838B4B003155EF /* SceneDelegate.swift in Sources */ = {isa = PBXBuildFile; fileRef = F4D499B126838B4B003155EF /* SceneDelegate.swift */; };
		F4D499B426838B4B003155EF /* ViewController.swift in Sources */ = {isa = PBXBuildFile; fileRef = F4D499B326838B4B003155EF /* ViewController.swift */; };
		F4D499B726838B4B003155EF /* Main.storyboard in Resources */ = {isa = PBXBuildFile; fileRef = F4D499B526838B4B003155EF /* Main.storyboard */; };
		F4D499B926838B4E003155EF /* Assets.xcassets in Resources */ = {isa = PBXBuildFile; fileRef = F4D499B826838B4E003155EF /* Assets.xcassets */; };
		F4D499BC26838B4E003155EF /* LaunchScreen.storyboard in Resources */ = {isa = PBXBuildFile; fileRef = F4D499BA26838B4E003155EF /* LaunchScreen.storyboard */; };
		F4D499C726838B4E003155EF /* DemoAppTests.swift in Sources */ = {isa = PBXBuildFile; fileRef = F4D499C626838B4E003155EF /* DemoAppTests.swift */; };
		F4D499D226838B4E003155EF /* DemoAppUITests.swift in Sources */ = {isa = PBXBuildFile; fileRef = F4D499D126838B4E003155EF /* DemoAppUITests.swift */; };
		F4D499E026838F5B003155EF /* repository.swift in Sources */ = {isa = PBXBuildFile; fileRef = F4D499DF26838F5B003155EF /* repository.swift */; };
		F4D499E2268390D6003155EF /* repoRequest.swift in Sources */ = {isa = PBXBuildFile; fileRef = F4D499E1268390D6003155EF /* repoRequest.swift */; };
		F4D499E426839642003155EF /* TableViewController.swift in Sources */ = {isa = PBXBuildFile; fileRef = F4D499E326839642003155EF /* TableViewController.swift */; };
		F4D499E72683C9EC003155EF /* RepoTableViewCell.swift in Sources */ = {isa = PBXBuildFile; fileRef = F4D499E52683C9EC003155EF /* RepoTableViewCell.swift */; };
		F4D499E82683C9EC003155EF /* RepoTableViewCell.xib in Resources */ = {isa = PBXBuildFile; fileRef = F4D499E62683C9EC003155EF /* RepoTableViewCell.xib */; };
		F4D607D42683E7F500697B17 /* DetailViewController.swift in Sources */ = {isa = PBXBuildFile; fileRef = F4D607D32683E7F500697B17 /* DetailViewController.swift */; };
/* End PBXBuildFile section */

/* Begin PBXContainerItemProxy section */
		F4D499C326838B4E003155EF /* PBXContainerItemProxy */ = {
			isa = PBXContainerItemProxy;
			containerPortal = F4D499A426838B4B003155EF /* Project object */;
			proxyType = 1;
			remoteGlobalIDString = F4D499AB26838B4B003155EF;
			remoteInfo = DemoApp;
		};
		F4D499CE26838B4E003155EF /* PBXContainerItemProxy */ = {
			isa = PBXContainerItemProxy;
			containerPortal = F4D499A426838B4B003155EF /* Project object */;
			proxyType = 1;
			remoteGlobalIDString = F4D499AB26838B4B003155EF;
			remoteInfo = DemoApp;
		};
/* End PBXContainerItemProxy section */

/* Begin PBXFileReference section */
		F4AE871026879849008B0CDE /* databaseTableViewController.swift */ = {isa = PBXFileReference; lastKnownFileType = sourcecode.swift; path = databaseTableViewController.swift; sourceTree = "<group>"; };
		F4D499AC26838B4B003155EF /* DemoApp.app */ = {isa = PBXFileReference; explicitFileType = wrapper.application; includeInIndex = 0; path = DemoApp.app; sourceTree = BUILT_PRODUCTS_DIR; };
		F4D499AF26838B4B003155EF /* AppDelegate.swift */ = {isa = PBXFileReference; lastKnownFileType = sourcecode.swift; path = AppDelegate.swift; sourceTree = "<group>"; };
		F4D499B126838B4B003155EF /* SceneDelegate.swift */ = {isa = PBXFileReference; lastKnownFileType = sourcecode.swift; path = SceneDelegate.swift; sourceTree = "<group>"; };
		F4D499B326838B4B003155EF /* ViewController.swift */ = {isa = PBXFileReference; lastKnownFileType = sourcecode.swift; path = ViewController.swift; sourceTree = "<group>"; };
		F4D499B626838B4B003155EF /* Base */ = {isa = PBXFileReference; lastKnownFileType = file.storyboard; name = Base; path = Base.lproj/Main.storyboard; sourceTree = "<group>"; };
		F4D499B826838B4E003155EF /* Assets.xcassets */ = {isa = PBXFileReference; lastKnownFileType = folder.assetcatalog; path = Assets.xcassets; sourceTree = "<group>"; };
		F4D499BB26838B4E003155EF /* Base */ = {isa = PBXFileReference; lastKnownFileType = file.storyboard; name = Base; path = Base.lproj/LaunchScreen.storyboard; sourceTree = "<group>"; };
		F4D499BD26838B4E003155EF /* Info.plist */ = {isa = PBXFileReference; lastKnownFileType = text.plist.xml; path = Info.plist; sourceTree = "<group>"; };
		F4D499C226838B4E003155EF /* DemoAppTests.xctest */ = {isa = PBXFileReference; explicitFileType = wrapper.cfbundle; includeInIndex = 0; path = DemoAppTests.xctest; sourceTree = BUILT_PRODUCTS_DIR; };
		F4D499C626838B4E003155EF /* DemoAppTests.swift */ = {isa = PBXFileReference; lastKnownFileType = sourcecode.swift; path = DemoAppTests.swift; sourceTree = "<group>"; };
		F4D499C826838B4E003155EF /* Info.plist */ = {isa = PBXFileReference; lastKnownFileType = text.plist.xml; path = Info.plist; sourceTree = "<group>"; };
		F4D499CD26838B4E003155EF /* DemoAppUITests.xctest */ = {isa = PBXFileReference; explicitFileType = wrapper.cfbundle; includeInIndex = 0; path = DemoAppUITests.xctest; sourceTree = BUILT_PRODUCTS_DIR; };
		F4D499D126838B4E003155EF /* DemoAppUITests.swift */ = {isa = PBXFileReference; lastKnownFileType = sourcecode.swift; path = DemoAppUITests.swift; sourceTree = "<group>"; };
		F4D499D326838B4E003155EF /* Info.plist */ = {isa = PBXFileReference; lastKnownFileType = text.plist.xml; path = Info.plist; sourceTree = "<group>"; };
		F4D499DF26838F5B003155EF /* repository.swift */ = {isa = PBXFileReference; lastKnownFileType = sourcecode.swift; path = repository.swift; sourceTree = "<group>"; };
		F4D499E1268390D6003155EF /* repoRequest.swift */ = {isa = PBXFileReference; lastKnownFileType = sourcecode.swift; path = repoRequest.swift; sourceTree = "<group>"; };
		F4D499E326839642003155EF /* TableViewController.swift */ = {isa = PBXFileReference; lastKnownFileType = sourcecode.swift; path = TableViewController.swift; sourceTree = "<group>"; };
		F4D499E52683C9EC003155EF /* RepoTableViewCell.swift */ = {isa = PBXFileReference; lastKnownFileType = sourcecode.swift; path = RepoTableViewCell.swift; sourceTree = "<group>"; };
		F4D499E62683C9EC003155EF /* RepoTableViewCell.xib */ = {isa = PBXFileReference; lastKnownFileType = file.xib; path = RepoTableViewCell.xib; sourceTree = "<group>"; };
		F4D607D32683E7F500697B17 /* DetailViewController.swift */ = {isa = PBXFileReference; lastKnownFileType = sourcecode.swift; path = DetailViewController.swift; sourceTree = "<group>"; };
/* End PBXFileReference section */

/* Begin PBXFrameworksBuildPhase section */
		F4D499A926838B4B003155EF /* Frameworks */ = {
			isa = PBXFrameworksBuildPhase;
			buildActionMask = 2147483647;
			files = (
			);
			runOnlyForDeploymentPostprocessing = 0;
		};
		F4D499BF26838B4E003155EF /* Frameworks */ = {
			isa = PBXFrameworksBuildPhase;
			buildActionMask = 2147483647;
			files = (
			);
			runOnlyForDeploymentPostprocessing = 0;
		};
		F4D499CA26838B4E003155EF /* Frameworks */ = {
			isa = PBXFrameworksBuildPhase;
			buildActionMask = 2147483647;
			files = (
			);
			runOnlyForDeploymentPostprocessing = 0;
		};
/* End PBXFrameworksBuildPhase section */

/* Begin PBXGroup section */
		F4D499A326838B4B003155EF = {
			isa = PBXGroup;
			children = (
				F4D499AE26838B4B003155EF /* DemoApp */,
				F4D499C526838B4E003155EF /* DemoAppTests */,
				F4D499D026838B4E003155EF /* DemoAppUITests */,
				F4D499AD26838B4B003155EF /* Products */,
			);
			sourceTree = "<group>";
		};
		F4D499AD26838B4B003155EF /* Products */ = {
			isa = PBXGroup;
			children = (
				F4D499AC26838B4B003155EF /* DemoApp.app */,
				F4D499C226838B4E003155EF /* DemoAppTests.xctest */,
				F4D499CD26838B4E003155EF /* DemoAppUITests.xctest */,
			);
			name = Products;
			sourceTree = "<group>";
		};
		F4D499AE26838B4B003155EF /* DemoApp */ = {
			isa = PBXGroup;
			children = (
				F4D499AF26838B4B003155EF /* AppDelegate.swift */,
				F4D499DF26838F5B003155EF /* repository.swift */,
				F4D499E1268390D6003155EF /* repoRequest.swift */,
				F4D499B126838B4B003155EF /* SceneDelegate.swift */,
				F4D499B326838B4B003155EF /* ViewController.swift */,
				F4D499B526838B4B003155EF /* Main.storyboard */,
				F4D499B826838B4E003155EF /* Assets.xcassets */,
				F4D499BA26838B4E003155EF /* LaunchScreen.storyboard */,
				F4D499BD26838B4E003155EF /* Info.plist */,
				F4D499E326839642003155EF /* TableViewController.swift */,
				F4D499E52683C9EC003155EF /* RepoTableViewCell.swift */,
				F4D499E62683C9EC003155EF /* RepoTableViewCell.xib */,
				F4D607D32683E7F500697B17 /* DetailViewController.swift */,
				F4AE871026879849008B0CDE /* databaseTableViewController.swift */,
			);
			path = DemoApp;
			sourceTree = "<group>";
		};
		F4D499C526838B4E003155EF /* DemoAppTests */ = {
			isa = PBXGroup;
			children = (
				F4D499C626838B4E003155EF /* DemoAppTests.swift */,
				F4D499C826838B4E003155EF /* Info.plist */,
			);
			path = DemoAppTests;
			sourceTree = "<group>";
		};
		F4D499D026838B4E003155EF /* DemoAppUITests */ = {
			isa = PBXGroup;
			children = (
				F4D499D126838B4E003155EF /* DemoAppUITests.swift */,
				F4D499D326838B4E003155EF /* Info.plist */,
			);
			path = DemoAppUITests;
			sourceTree = "<group>";
		};
/* End PBXGroup section */

/* Begin PBXNativeTarget section */
		F4D499AB26838B4B003155EF /* DemoApp */ = {
			isa = PBXNativeTarget;
			buildConfigurationList = F4D499D626838B4E003155EF /* Build configuration list for PBXNativeTarget "DemoApp" */;
			buildPhases = (
				F4D499A826838B4B003155EF /* Sources */,
				F4D499A926838B4B003155EF /* Frameworks */,
				F4D499AA26838B4B003155EF /* Resources */,
			);
			buildRules = (
			);
			dependencies = (
			);
			name = DemoApp;
			productName = DemoApp;
			productReference = F4D499AC26838B4B003155EF /* DemoApp.app */;
			productType = "com.apple.product-type.application";
		};
		F4D499C126838B4E003155EF /* DemoAppTests */ = {
			isa = PBXNativeTarget;
			buildConfigurationList = F4D499D926838B4E003155EF /* Build configuration list for PBXNativeTarget "DemoAppTests" */;
			buildPhases = (
				F4D499BE26838B4E003155EF /* Sources */,
				F4D499BF26838B4E003155EF /* Frameworks */,
				F4D499C026838B4E003155EF /* Resources */,
			);
			buildRules = (
			);
			dependencies = (
				F4D499C426838B4E003155EF /* PBXTargetDependency */,
			);
			name = DemoAppTests;
			productName = DemoAppTests;
			productReference = F4D499C226838B4E003155EF /* DemoAppTests.xctest */;
			productType = "com.apple.product-type.bundle.unit-test";
		};
		F4D499CC26838B4E003155EF /* DemoAppUITests */ = {
			isa = PBXNativeTarget;
			buildConfigurationList = F4D499DC26838B4E003155EF /* Build configuration list for PBXNativeTarget "DemoAppUITests" */;
			buildPhases = (
				F4D499C926838B4E003155EF /* Sources */,
				F4D499CA26838B4E003155EF /* Frameworks */,
				F4D499CB26838B4E003155EF /* Resources */,
			);
			buildRules = (
			);
			dependencies = (
				F4D499CF26838B4E003155EF /* PBXTargetDependency */,
			);
			name = DemoAppUITests;
			productName = DemoAppUITests;
			productReference = F4D499CD26838B4E003155EF /* DemoAppUITests.xctest */;
			productType = "com.apple.product-type.bundle.ui-testing";
		};
/* End PBXNativeTarget section */

/* Begin PBXProject section */
		F4D499A426838B4B003155EF /* Project object */ = {
			isa = PBXProject;
			attributes = {
				LastSwiftUpdateCheck = 1250;
				LastUpgradeCheck = 1250;
				TargetAttributes = {
					F4D499AB26838B4B003155EF = {
						CreatedOnToolsVersion = 12.5;
					};
					F4D499C126838B4E003155EF = {
						CreatedOnToolsVersion = 12.5;
						TestTargetID = F4D499AB26838B4B003155EF;
					};
					F4D499CC26838B4E003155EF = {
						CreatedOnToolsVersion = 12.5;
						TestTargetID = F4D499AB26838B4B003155EF;
					};
				};
			};
			buildConfigurationList = F4D499A726838B4B003155EF /* Build configuration list for PBXProject "DemoApp" */;
			compatibilityVersion = "Xcode 9.3";
			developmentRegion = en;
			hasScannedForEncodings = 0;
			knownRegions = (
				en,
				Base,
			);
			mainGroup = F4D499A326838B4B003155EF;
			productRefGroup = F4D499AD26838B4B003155EF /* Products */;
			projectDirPath = "";
			projectRoot = "";
			targets = (
				F4D499AB26838B4B003155EF /* DemoApp */,
				F4D499C126838B4E003155EF /* DemoAppTests */,
				F4D499CC26838B4E003155EF /* DemoAppUITests */,
			);
		};
/* End PBXProject section */

/* Begin PBXResourcesBuildPhase section */
		F4D499AA26838B4B003155EF /* Resources */ = {
			isa = PBXResourcesBuildPhase;
			buildActionMask = 2147483647;
			files = (
				F4D499BC26838B4E003155EF /* LaunchScreen.storyboard in Resources */,
				F4D499B926838B4E003155EF /* Assets.xcassets in Resources */,
				F4D499B726838B4B003155EF /* Main.storyboard in Resources */,
				F4D499E82683C9EC003155EF /* RepoTableViewCell.xib in Resources */,
			);
			runOnlyForDeploymentPostprocessing = 0;
		};
		F4D499C026838B4E003155EF /* Resources */ = {
			isa = PBXResourcesBuildPhase;
			buildActionMask = 2147483647;
			files = (
			);
			runOnlyForDeploymentPostprocessing = 0;
		};
		F4D499CB26838B4E003155EF /* Resources */ = {
			isa = PBXResourcesBuildPhase;
			buildActionMask = 2147483647;
			files = (
			);
			runOnlyForDeploymentPostprocessing = 0;
		};
/* End PBXResourcesBuildPhase section */

/* Begin PBXSourcesBuildPhase section */
		F4D499A826838B4B003155EF /* Sources */ = {
			isa = PBXSourcesBuildPhase;
			buildActionMask = 2147483647;
			files = (
				F4D499B426838B4B003155EF /* ViewController.swift in Sources */,
				F4D499E426839642003155EF /* TableViewController.swift in Sources */,
				F4D499E2268390D6003155EF /* repoRequest.swift in Sources */,
				F4D499E72683C9EC003155EF /* RepoTableViewCell.swift in Sources */,
				F4D499B026838B4B003155EF /* AppDelegate.swift in Sources */,
				F4D499B226838B4B003155EF /* SceneDelegate.swift in Sources */,
				F4AE871126879849008B0CDE /* databaseTableViewController.swift in Sources */,
				F4D499E026838F5B003155EF /* repository.swift in Sources */,
				F4D607D42683E7F500697B17 /* DetailViewController.swift in Sources */,
			);
			runOnlyForDeploymentPostprocessing = 0;
		};
		F4D499BE26838B4E003155EF /* Sources */ = {
			isa = PBXSourcesBuildPhase;
			buildActionMask = 2147483647;
			files = (
				F4D499C726838B4E003155EF /* DemoAppTests.swift in Sources */,
			);
			runOnlyForDeploymentPostprocessing = 0;
		};
		F4D499C926838B4E003155EF /* Sources */ = {
			isa = PBXSourcesBuildPhase;
			buildActionMask = 2147483647;
			files = (
				F4D499D226838B4E003155EF /* DemoAppUITests.swift in Sources */,
			);
			runOnlyForDeploymentPostprocessing = 0;
		};
/* End PBXSourcesBuildPhase section */

/* Begin PBXTargetDependency section */
		F4D499C426838B4E003155EF /* PBXTargetDependency */ = {
			isa = PBXTargetDependency;
			target = F4D499AB26838B4B003155EF /* DemoApp */;
			targetProxy = F4D499C326838B4E003155EF /* PBXContainerItemProxy */;
		};
		F4D499CF26838B4E003155EF /* PBXTargetDependency */ = {
			isa = PBXTargetDependency;
			target = F4D499AB26838B4B003155EF /* DemoApp */;
			targetProxy = F4D499CE26838B4E003155EF /* PBXContainerItemProxy */;
		};
/* End PBXTargetDependency section */

/* Begin PBXVariantGroup section */
		F4D499B526838B4B003155EF /* Main.storyboard */ = {
			isa = PBXVariantGroup;
			children = (
				F4D499B626838B4B003155EF /* Base */,
			);
			name = Main.storyboard;
			sourceTree = "<group>";
		};
		F4D499BA26838B4E003155EF /* LaunchScreen.storyboard */ = {
			isa = PBXVariantGroup;
			children = (
				F4D499BB26838B4E003155EF /* Base */,
			);
			name = LaunchScreen.storyboard;
			sourceTree = "<group>";
		};
/* End PBXVariantGroup section */

/* Begin XCBuildConfiguration section */
		F4D499D426838B4E003155EF /* Debug */ = {
			isa = XCBuildConfiguration;
			buildSettings = {
				ALWAYS_SEARCH_USER_PATHS = NO;
				CLANG_ANALYZER_NONNULL = YES;
				CLANG_ANALYZER_NUMBER_OBJECT_CONVERSION = YES_AGGRESSIVE;
				CLANG_CXX_LANGUAGE_STANDARD = "gnu++14";
				CLANG_CXX_LIBRARY = "libc++";
				CLANG_ENABLE_MODULES = YES;
				CLANG_ENABLE_OBJC_ARC = YES;
				CLANG_ENABLE_OBJC_WEAK = YES;
				CLANG_WARN_BLOCK_CAPTURE_AUTORELEASING = YES;
				CLANG_WARN_BOOL_CONVERSION = YES;
				CLANG_WARN_COMMA = YES;
				CLANG_WARN_CONSTANT_CONVERSION = YES;
				CLANG_WARN_DEPRECATED_OBJC_IMPLEMENTATIONS = YES;
				CLANG_WARN_DIRECT_OBJC_ISA_USAGE = YES_ERROR;
				CLANG_WARN_DOCUMENTATION_COMMENTS = YES;
				CLANG_WARN_EMPTY_BODY = YES;
				CLANG_WARN_ENUM_CONVERSION = YES;
				CLANG_WARN_INFINITE_RECURSION = YES;
				CLANG_WARN_INT_CONVERSION = YES;
				CLANG_WARN_NON_LITERAL_NULL_CONVERSION = YES;
				CLANG_WARN_OBJC_IMPLICIT_RETAIN_SELF = YES;
				CLANG_WARN_OBJC_LITERAL_CONVERSION = YES;
				CLANG_WARN_OBJC_ROOT_CLASS = YES_ERROR;
				CLANG_WARN_QUOTED_INCLUDE_IN_FRAMEWORK_HEADER = YES;
				CLANG_WARN_RANGE_LOOP_ANALYSIS = YES;
				CLANG_WARN_STRICT_PROTOTYPES = YES;
				CLANG_WARN_SUSPICIOUS_MOVE = YES;
				CLANG_WARN_UNGUARDED_AVAILABILITY = YES_AGGRESSIVE;
				CLANG_WARN_UNREACHABLE_CODE = YES;
				CLANG_WARN__DUPLICATE_METHOD_MATCH = YES;
				COPY_PHASE_STRIP = NO;
				DEBUG_INFORMATION_FORMAT = dwarf;
				ENABLE_STRICT_OBJC_MSGSEND = YES;
				ENABLE_TESTABILITY = YES;
				GCC_C_LANGUAGE_STANDARD = gnu11;
				GCC_DYNAMIC_NO_PIC = NO;
				GCC_NO_COMMON_BLOCKS = YES;
				GCC_OPTIMIZATION_LEVEL = 0;
				GCC_PREPROCESSOR_DEFINITIONS = (
					"DEBUG=1",
					"$(inherited)",
				);
				GCC_WARN_64_TO_32_BIT_CONVERSION = YES;
				GCC_WARN_ABOUT_RETURN_TYPE = YES_ERROR;
				GCC_WARN_UNDECLARED_SELECTOR = YES;
				GCC_WARN_UNINITIALIZED_AUTOS = YES_AGGRESSIVE;
				GCC_WARN_UNUSED_FUNCTION = YES;
				GCC_WARN_UNUSED_VARIABLE = YES;
				IPHONEOS_DEPLOYMENT_TARGET = 14.5;
				MTL_ENABLE_DEBUG_INFO = INCLUDE_SOURCE;
				MTL_FAST_MATH = YES;
				ONLY_ACTIVE_ARCH = YES;
				SDKROOT = iphoneos;
				SWIFT_ACTIVE_COMPILATION_CONDITIONS = DEBUG;
				SWIFT_OPTIMIZATION_LEVEL = "-Onone";
			};
			name = Debug;
		};
		F4D499D526838B4E003155EF /* Release */ = {
			isa = XCBuildConfiguration;
			buildSettings = {
				ALWAYS_SEARCH_USER_PATHS = NO;
				CLANG_ANALYZER_NONNULL = YES;
				CLANG_ANALYZER_NUMBER_OBJECT_CONVERSION = YES_AGGRESSIVE;
				CLANG_CXX_LANGUAGE_STANDARD = "gnu++14";
				CLANG_CXX_LIBRARY = "libc++";
				CLANG_ENABLE_MODULES = YES;
				CLANG_ENABLE_OBJC_ARC = YES;
				CLANG_ENABLE_OBJC_WEAK = YES;
				CLANG_WARN_BLOCK_CAPTURE_AUTORELEASING = YES;
				CLANG_WARN_BOOL_CONVERSION = YES;
				CLANG_WARN_COMMA = YES;
				CLANG_WARN_CONSTANT_CONVERSION = YES;
				CLANG_WARN_DEPRECATED_OBJC_IMPLEMENTATIONS = YES;
				CLANG_WARN_DIRECT_OBJC_ISA_USAGE = YES_ERROR;
				CLANG_WARN_DOCUMENTATION_COMMENTS = YES;
				CLANG_WARN_EMPTY_BODY = YES;
				CLANG_WARN_ENUM_CONVERSION = YES;
				CLANG_WARN_INFINITE_RECURSION = YES;
				CLANG_WARN_INT_CONVERSION = YES;
				CLANG_WARN_NON_LITERAL_NULL_CONVERSION = YES;
				CLANG_WARN_OBJC_IMPLICIT_RETAIN_SELF = YES;
				CLANG_WARN_OBJC_LITERAL_CONVERSION = YES;
				CLANG_WARN_OBJC_ROOT_CLASS = YES_ERROR;
				CLANG_WARN_QUOTED_INCLUDE_IN_FRAMEWORK_HEADER = YES;
				CLANG_WARN_RANGE_LOOP_ANALYSIS = YES;
				CLANG_WARN_STRICT_PROTOTYPES = YES;
				CLANG_WARN_SUSPICIOUS_MOVE = YES;
				CLANG_WARN_UNGUARDED_AVAILABILITY = YES_AGGRESSIVE;
				CLANG_WARN_UNREACHABLE_CODE = YES;
				CLANG_WARN__DUPLICATE_METHOD_MATCH = YES;
				COPY_PHASE_STRIP = NO;
				DEBUG_INFORMATION_FORMAT = "dwarf-with-dsym";
				ENABLE_NS_ASSERTIONS = NO;
				ENABLE_STRICT_OBJC_MSGSEND = YES;
				GCC_C_LANGUAGE_STANDARD = gnu11;
				GCC_NO_COMMON_BLOCKS = YES;
				GCC_WARN_64_TO_32_BIT_CONVERSION = YES;
				GCC_WARN_ABOUT_RETURN_TYPE = YES_ERROR;
				GCC_WARN_UNDECLARED_SELECTOR = YES;
				GCC_WARN_UNINITIALIZED_AUTOS = YES_AGGRESSIVE;
				GCC_WARN_UNUSED_FUNCTION = YES;
				GCC_WARN_UNUSED_VARIABLE = YES;
				IPHONEOS_DEPLOYMENT_TARGET = 14.5;
				MTL_ENABLE_DEBUG_INFO = NO;
				MTL_FAST_MATH = YES;
				SDKROOT = iphoneos;
				SWIFT_COMPILATION_MODE = wholemodule;
				SWIFT_OPTIMIZATION_LEVEL = "-O";
				VALIDATE_PRODUCT = YES;
			};
			name = Release;
		};
		F4D499D726838B4E003155EF /* Debug */ = {
			isa = XCBuildConfiguration;
			buildSettings = {
				ASSETCATALOG_COMPILER_APPICON_NAME = AppIcon;
				ASSETCATALOG_COMPILER_GLOBAL_ACCENT_COLOR_NAME = AccentColor;
				CODE_SIGN_STYLE = Automatic;
				DEVELOPMENT_TEAM = S3TR85Q494;
				INFOPLIST_FILE = DemoApp/Info.plist;
				LD_RUNPATH_SEARCH_PATHS = (
					"$(inherited)",
					"@executable_path/Frameworks",
				);
				PRODUCT_BUNDLE_IDENTIFIER = com.simonskalicky.DemoApp;
				PRODUCT_NAME = "$(TARGET_NAME)";
				SWIFT_VERSION = 5.0;
				TARGETED_DEVICE_FAMILY = "1,2";
			};
			name = Debug;
		};
		F4D499D826838B4E003155EF /* Release */ = {
			isa = XCBuildConfiguration;
			buildSettings = {
				ASSETCATALOG_COMPILER_APPICON_NAME = AppIcon;
				ASSETCATALOG_COMPILER_GLOBAL_ACCENT_COLOR_NAME = AccentColor;
				CODE_SIGN_STYLE = Automatic;
				DEVELOPMENT_TEAM = S3TR85Q494;
				INFOPLIST_FILE = DemoApp/Info.plist;
				LD_RUNPATH_SEARCH_PATHS = (
					"$(inherited)",
					"@executable_path/Frameworks",
				);
				PRODUCT_BUNDLE_IDENTIFIER = com.simonskalicky.DemoApp;
				PRODUCT_NAME = "$(TARGET_NAME)";
				SWIFT_VERSION = 5.0;
				TARGETED_DEVICE_FAMILY = "1,2";
			};
			name = Release;
		};
		F4D499DA26838B4E003155EF /* Debug */ = {
			isa = XCBuildConfiguration;
			buildSettings = {
				ALWAYS_EMBED_SWIFT_STANDARD_LIBRARIES = YES;
				BUNDLE_LOADER = "$(TEST_HOST)";
				CODE_SIGN_STYLE = Automatic;
				DEVELOPMENT_TEAM = S3TR85Q494;
				INFOPLIST_FILE = DemoAppTests/Info.plist;
				IPHONEOS_DEPLOYMENT_TARGET = 14.5;
				LD_RUNPATH_SEARCH_PATHS = (
					"$(inherited)",
					"@executable_path/Frameworks",
					"@loader_path/Frameworks",
				);
				PRODUCT_BUNDLE_IDENTIFIER = com.simonskalicky.DemoAppTests;
				PRODUCT_NAME = "$(TARGET_NAME)";
				SWIFT_VERSION = 5.0;
				TARGETED_DEVICE_FAMILY = "1,2";
				TEST_HOST = "$(BUILT_PRODUCTS_DIR)/DemoApp.app/DemoApp";
			};
			name = Debug;
		};
		F4D499DB26838B4E003155EF /* Release */ = {
			isa = XCBuildConfiguration;
			buildSettings = {
				ALWAYS_EMBED_SWIFT_STANDARD_LIBRARIES = YES;
				BUNDLE_LOADER = "$(TEST_HOST)";
				CODE_SIGN_STYLE = Automatic;
				DEVELOPMENT_TEAM = S3TR85Q494;
				INFOPLIST_FILE = DemoAppTests/Info.plist;
				IPHONEOS_DEPLOYMENT_TARGET = 14.5;
				LD_RUNPATH_SEARCH_PATHS = (
					"$(inherited)",
					"@executable_path/Frameworks",
					"@loader_path/Frameworks",
				);
				PRODUCT_BUNDLE_IDENTIFIER = com.simonskalicky.DemoAppTests;
				PRODUCT_NAME = "$(TARGET_NAME)";
				SWIFT_VERSION = 5.0;
				TARGETED_DEVICE_FAMILY = "1,2";
				TEST_HOST = "$(BUILT_PRODUCTS_DIR)/DemoApp.app/DemoApp";
			};
			name = Release;
		};
		F4D499DD26838B4E003155EF /* Debug */ = {
			isa = XCBuildConfiguration;
			buildSettings = {
				ALWAYS_EMBED_SWIFT_STANDARD_LIBRARIES = YES;
				CODE_SIGN_STYLE = Automatic;
				DEVELOPMENT_TEAM = S3TR85Q494;
				INFOPLIST_FILE = DemoAppUITests/Info.plist;
				LD_RUNPATH_SEARCH_PATHS = (
					"$(inherited)",
					"@executable_path/Frameworks",
					"@loader_path/Frameworks",
				);
				PRODUCT_BUNDLE_IDENTIFIER = com.simonskalicky.DemoAppUITests;
				PRODUCT_NAME = "$(TARGET_NAME)";
				SWIFT_VERSION = 5.0;
				TARGETED_DEVICE_FAMILY = "1,2";
				TEST_TARGET_NAME = DemoApp;
			};
			name = Debug;
		};
		F4D499DE26838B4E003155EF /* Release */ = {
			isa = XCBuildConfiguration;
			buildSettings = {
				ALWAYS_EMBED_SWIFT_STANDARD_LIBRARIES = YES;
				CODE_SIGN_STYLE = Automatic;
				DEVELOPMENT_TEAM = S3TR85Q494;
				INFOPLIST_FILE = DemoAppUITests/Info.plist;
				LD_RUNPATH_SEARCH_PATHS = (
					"$(inherited)",
					"@executable_path/Frameworks",
					"@loader_path/Frameworks",
				);
				PRODUCT_BUNDLE_IDENTIFIER = com.simonskalicky.DemoAppUITests;
				PRODUCT_NAME = "$(TARGET_NAME)";
				SWIFT_VERSION = 5.0;
				TARGETED_DEVICE_FAMILY = "1,2";
				TEST_TARGET_NAME = DemoApp;
			};
			name = Release;
		};
/* End XCBuildConfiguration section */

/* Begin XCConfigurationList section */
		F4D499A726838B4B003155EF /* Build configuration list for PBXProject "DemoApp" */ = {
			isa = XCConfigurationList;
			buildConfigurations = (
				F4D499D426838B4E003155EF /* Debug */,
				F4D499D526838B4E003155EF /* Release */,
			);
			defaultConfigurationIsVisible = 0;
			defaultConfigurationName = Release;
		};
		F4D499D626838B4E003155EF /* Build configuration list for PBXNativeTarget "DemoApp" */ = {
			isa = XCConfigurationList;
			buildConfigurations = (
				F4D499D726838B4E003155EF /* Debug */,
				F4D499D826838B4E003155EF /* Release */,
			);
			defaultConfigurationIsVisible = 0;
			defaultConfigurationName = Release;
		};
		F4D499D926838B4E003155EF /* Build configuration list for PBXNativeTarget "DemoAppTests" */ = {
			isa = XCConfigurationList;
			buildConfigurations = (
				F4D499DA26838B4E003155EF /* Debug */,
				F4D499DB26838B4E003155EF /* Release */,
			);
			defaultConfigurationIsVisible = 0;
			defaultConfigurationName = Release;
		};
		F4D499DC26838B4E003155EF /* Build configuration list for PBXNativeTarget "DemoAppUITests" */ = {
			isa = XCConfigurationList;
			buildConfigurations = (
				F4D499DD26838B4E003155EF /* Debug */,
				F4D499DE26838B4E003155EF /* Release */,
			);
			defaultConfigurationIsVisible = 0;
			defaultConfigurationName = Release;
		};
/* End XCConfigurationList section */
	};
	rootObject = F4D499A426838B4B003155EF /* Project object */;
}
